{
  "name": "grunt-ts-bundle",
  "version": "0.1.0",
  "lockfileVersion": 1,
  "requires": true,
  "dependencies": {
    "ts-bundle": {
      "version": "0.2.0",
      "resolved": "https://registry.npmjs.org/ts-bundle/-/ts-bundle-0.2.0.tgz",
      "integrity": "sha512-jL0C9Ioa6hz5ejn75oQTEhGG4FN2dX4qM3Rz24enbl5ajv4JFl1JZGaE83WODeMxv1hdmemQktRQZpjAbC0Qxw=="
    }
  }
}
